
Microsoft Visual Studio Solution File, Format Version 12.00
# Visual Studio 15
VisualStudioVersion = 15.0.26730.12
MinimumVisualStudioVersion = 10.0.40219.1
Project("{FAE04EC0-301F-11D3-BF4B-00C04F79EFBC}") = "PS4Tester", "PS4Tester\PS4Tester.csproj", "{409438F9-CDB3-4812-8457-30E389E386AB}"
EndProject
Project("{FAE04EC0-301F-11D3-BF4B-00C04F79EFBC}") = "PS4TesterWithMain", "PS4TesterWithMain\PS4TesterWithMain.csproj", "{7408609B-A5FA-4CEF-A6FF-1276A276CA74}"
EndProject
Project("{FAE04EC0-301F-11D3-BF4B-00C04F79EFBC}") = "Resources", "Resources\Resources.csproj", "{BD4949B8-698D-4ED9-BF07-23E73BE40677}"
EndProject
Project("{FAE04EC0-301F-11D3-BF4B-00C04F79EFBC}") = "Spreadsheet", "Spreadsheet\Spreadsheet.csproj", "{8D68A7AD-06C3-480A-AC0E-7ED30F64A618}"
EndProject
Global
	GlobalSection(SolutionConfigurationPlatforms) = preSolution
		Debug|Any CPU = Debug|Any CPU
		Release|Any CPU = Release|Any CPU
	EndGlobalSection
	GlobalSection(ProjectConfigurationPlatforms) = postSolution
		{409438F9-CDB3-4812-8457-30E389E386AB}.Debug|Any CPU.ActiveCfg = Debug|Any CPU
		{409438F9-CDB3-4812-8457-30E389E386AB}.Debug|Any CPU.Build.0 = Debug|Any CPU
		{409438F9-CDB3-4812-8457-30E389E386AB}.Release|Any CPU.ActiveCfg = Release|Any CPU
		{409438F9-CDB3-4812-8457-30E389E386AB}.Release|Any CPU.Build.0 = Release|Any CPU
		{7408609B-A5FA-4CEF-A6FF-1276A276CA74}.Debug|Any CPU.ActiveCfg = Debug|Any CPU
		{7408609B-A5FA-4CEF-A6FF-1276A276CA74}.Debug|Any CPU.Build.0 = Debug|Any CPU
		{7408609B-A5FA-4CEF-A6FF-1276A276CA74}.Release|Any CPU.ActiveCfg = Release|Any CPU
		{7408609B-A5FA-4CEF-A6FF-1276A276CA74}.Release|Any CPU.Build.0 = Release|Any CPU
		{BD4949B8-698D-4ED9-BF07-23E73BE40677}.Debug|Any CPU.ActiveCfg = Debug|Any CPU
		{BD4949B8-698D-4ED9-BF07-23E73BE40677}.Release|Any CPU.ActiveCfg = Release|Any CPU
		{BD4949B8-698D-4ED9-BF07-23E73BE40677}.Release|Any CPU.Build.0 = Release|Any CPU
		{8D68A7AD-06C3-480A-AC0E-7ED30F64A618}.Debug|Any CPU.ActiveCfg = Debug|Any CPU
		{8D68A7AD-06C3-480A-AC0E-7ED30F64A618}.Debug|Any CPU.Build.0 = Debug|Any CPU
		{8D68A7AD-06C3-480A-AC0E-7ED30F64A618}.Release|Any CPU.ActiveCfg = Release|Any CPU
		{8D68A7AD-06C3-480A-AC0E-7ED30F64A618}.Release|Any CPU.Build.0 = Release|Any CPU
	EndGlobalSection
	GlobalSection(SolutionProperties) = preSolution
		HideSolutionNode = FALSE
	EndGlobalSection
	GlobalSection(ExtensibilityGlobals) = postSolution
		SolutionGuid = {F209C057-D198-462D-BA5A-B7DD3B7C1BAE}
	EndGlobalSection
EndGlobal
